// !$*UTF8*$!
{
	archiveVersion = 1;
	classes = {
	};
	objectVersion = 46;
	objects = {

/* Begin PBXBuildFile section */
		A260F0521AD866BA00C18EB6 /* AppDelegate.swift in Sources */ = {isa = PBXBuildFile; fileRef = A260F0511AD866BA00C18EB6 /* AppDelegate.swift */; };
		A260F0541AD866BA00C18EB6 /* MainViewController.swift in Sources */ = {isa = PBXBuildFile; fileRef = A260F0531AD866BA00C18EB6 /* MainViewController.swift */; };
		A260F0591AD866BA00C18EB6 /* Images.xcassets in Resources */ = {isa = PBXBuildFile; fileRef = A260F0581AD866BA00C18EB6 /* Images.xcassets */; };
		A260F05C1AD866BA00C18EB6 /* LaunchScreen.xib in Resources */ = {isa = PBXBuildFile; fileRef = A260F05A1AD866BA00C18EB6 /* LaunchScreen.xib */; };
		A260F0681AD866BA00C18EB6 /* TodayTests.swift in Sources */ = {isa = PBXBuildFile; fileRef = A260F0671AD866BA00C18EB6 /* TodayTests.swift */; };
		A260F0721AD86A5600C18EB6 /* Weather.swift in Sources */ = {isa = PBXBuildFile; fileRef = A260F0711AD86A5600C18EB6 /* Weather.swift */; };
		A260F0741AD86C9600C18EB6 /* Blurb.swift in Sources */ = {isa = PBXBuildFile; fileRef = A260F0731AD86C9600C18EB6 /* Blurb.swift */; };
		A260F0771AD875EB00C18EB6 /* BlurbTableCell.swift in Sources */ = {isa = PBXBuildFile; fileRef = A260F0761AD875EB00C18EB6 /* BlurbTableCell.swift */; };
		A260F0791AD8769400C18EB6 /* BlurbsManager.swift in Sources */ = {isa = PBXBuildFile; fileRef = A260F0781AD8769400C18EB6 /* BlurbsManager.swift */; };
		A260F08E1AD879D400C18EB6 /* Snap.framework in Copy Frameworks */ = {isa = PBXBuildFile; fileRef = A260F0841AD877E900C18EB6 /* Snap.framework */; settings = {ATTRIBUTES = (CodeSignOnCopy, RemoveHeadersOnCopy, ); }; };
/* End PBXBuildFile section */

/* Begin PBXContainerItemProxy section */
		A260F0621AD866BA00C18EB6 /* PBXContainerItemProxy */ = {
			isa = PBXContainerItemProxy;
			containerPortal = A260F0441AD866BA00C18EB6 /* Project object */;
			proxyType = 1;
			remoteGlobalIDString = A260F04B1AD866BA00C18EB6;
			remoteInfo = Today;
		};
		A260F0811AD877E900C18EB6 /* PBXContainerItemProxy */ = {
			isa = PBXContainerItemProxy;
			containerPortal = A260F07A1AD877E900C18EB6 /* Snap.xcodeproj */;
			proxyType = 2;
			remoteGlobalIDString = EEBCC9D819CC627D0083B827;
			remoteInfo = "Snap iOS";
		};
		A260F0831AD877E900C18EB6 /* PBXContainerItemProxy */ = {
			isa = PBXContainerItemProxy;
			containerPortal = A260F07A1AD877E900C18EB6 /* Snap.xcodeproj */;
			proxyType = 2;
			remoteGlobalIDString = EECDB37A1AC0C9D4006BBC11;
			remoteInfo = "Snap OSX";
		};
		A260F0851AD877E900C18EB6 /* PBXContainerItemProxy */ = {
			isa = PBXContainerItemProxy;
			containerPortal = A260F07A1AD877E900C18EB6 /* Snap.xcodeproj */;
			proxyType = 2;
			remoteGlobalIDString = EEBCC9E219CC627E0083B827;
			remoteInfo = "Snap iOS Tests";
		};
		A260F0871AD877E900C18EB6 /* PBXContainerItemProxy */ = {
			isa = PBXContainerItemProxy;
			containerPortal = A260F07A1AD877E900C18EB6 /* Snap.xcodeproj */;
			proxyType = 2;
			remoteGlobalIDString = EECDB3841AC0C9D4006BBC11;
			remoteInfo = "Snap OSX Tests";
		};
		A260F08A1AD8798900C18EB6 /* PBXContainerItemProxy */ = {
			isa = PBXContainerItemProxy;
			containerPortal = A260F07A1AD877E900C18EB6 /* Snap.xcodeproj */;
			proxyType = 1;
			remoteGlobalIDString = EEBCC9D719CC627D0083B827;
			remoteInfo = "Snap iOS";
		};
/* End PBXContainerItemProxy section */

/* Begin PBXCopyFilesBuildPhase section */
		A260F08C1AD879B600C18EB6 /* Copy Frameworks */ = {
			isa = PBXCopyFilesBuildPhase;
			buildActionMask = 2147483647;
			dstPath = "";
			dstSubfolderSpec = 10;
			files = (
				A260F08E1AD879D400C18EB6 /* Snap.framework in Copy Frameworks */,
			);
			name = "Copy Frameworks";
			runOnlyForDeploymentPostprocessing = 0;
		};
/* End PBXCopyFilesBuildPhase section */

/* Begin PBXFileReference section */
		A260F04C1AD866BA00C18EB6 /* Today.app */ = {isa = PBXFileReference; explicitFileType = wrapper.application; includeInIndex = 0; path = Today.app; sourceTree = BUILT_PRODUCTS_DIR; };
		A260F0501AD866BA00C18EB6 /* Info.plist */ = {isa = PBXFileReference; lastKnownFileType = text.plist.xml; path = Info.plist; sourceTree = "<group>"; };
		A260F0511AD866BA00C18EB6 /* AppDelegate.swift */ = {isa = PBXFileReference; lastKnownFileType = sourcecode.swift; path = AppDelegate.swift; sourceTree = "<group>"; };
		A260F0531AD866BA00C18EB6 /* MainViewController.swift */ = {isa = PBXFileReference; lastKnownFileType = sourcecode.swift; path = MainViewController.swift; sourceTree = "<group>"; };
		A260F0581AD866BA00C18EB6 /* Images.xcassets */ = {isa = PBXFileReference; lastKnownFileType = folder.assetcatalog; path = Images.xcassets; sourceTree = "<group>"; };
		A260F05B1AD866BA00C18EB6 /* Base */ = {isa = PBXFileReference; lastKnownFileType = file.xib; name = Base; path = Base.lproj/LaunchScreen.xib; sourceTree = "<group>"; };
		A260F0611AD866BA00C18EB6 /* TodayTests.xctest */ = {isa = PBXFileReference; explicitFileType = wrapper.cfbundle; includeInIndex = 0; path = TodayTests.xctest; sourceTree = BUILT_PRODUCTS_DIR; };
		A260F0661AD866BA00C18EB6 /* Info.plist */ = {isa = PBXFileReference; lastKnownFileType = text.plist.xml; path = Info.plist; sourceTree = "<group>"; };
		A260F0671AD866BA00C18EB6 /* TodayTests.swift */ = {isa = PBXFileReference; lastKnownFileType = sourcecode.swift; path = TodayTests.swift; sourceTree = "<group>"; };
		A260F0711AD86A5600C18EB6 /* Weather.swift */ = {isa = PBXFileReference; fileEncoding = 4; lastKnownFileType = sourcecode.swift; path = Weather.swift; sourceTree = "<group>"; };
		A260F0731AD86C9600C18EB6 /* Blurb.swift */ = {isa = PBXFileReference; fileEncoding = 4; lastKnownFileType = sourcecode.swift; path = Blurb.swift; sourceTree = "<group>"; };
		A260F0761AD875EB00C18EB6 /* BlurbTableCell.swift */ = {isa = PBXFileReference; fileEncoding = 4; lastKnownFileType = sourcecode.swift; path = BlurbTableCell.swift; sourceTree = "<group>"; };
		A260F0781AD8769400C18EB6 /* BlurbsManager.swift */ = {isa = PBXFileReference; fileEncoding = 4; lastKnownFileType = sourcecode.swift; path = BlurbsManager.swift; sourceTree = "<group>"; };
		A260F07A1AD877E900C18EB6 /* Snap.xcodeproj */ = {isa = PBXFileReference; lastKnownFileType = "wrapper.pb-project"; name = Snap.xcodeproj; path = Snap/Snap.xcodeproj; sourceTree = "<group>"; };
/* End PBXFileReference section */

/* Begin PBXFrameworksBuildPhase section */
		A260F0491AD866BA00C18EB6 /* Frameworks */ = {
			isa = PBXFrameworksBuildPhase;
			buildActionMask = 2147483647;
			files = (
			);
			runOnlyForDeploymentPostprocessing = 0;
		};
		A260F05E1AD866BA00C18EB6 /* Frameworks */ = {
			isa = PBXFrameworksBuildPhase;
			buildActionMask = 2147483647;
			files = (
			);
			runOnlyForDeploymentPostprocessing = 0;
		};
/* End PBXFrameworksBuildPhase section */

/* Begin PBXGroup section */
		A260F0431AD866BA00C18EB6 = {
			isa = PBXGroup;
			children = (
				A260F07A1AD877E900C18EB6 /* Snap.xcodeproj */,
				A260F04E1AD866BA00C18EB6 /* Today */,
				A260F0641AD866BA00C18EB6 /* TodayTests */,
				A260F04D1AD866BA00C18EB6 /* Products */,
			);
			sourceTree = "<group>";
		};
		A260F04D1AD866BA00C18EB6 /* Products */ = {
			isa = PBXGroup;
			children = (
				A260F04C1AD866BA00C18EB6 /* Today.app */,
				A260F0611AD866BA00C18EB6 /* TodayTests.xctest */,
			);
			name = Products;
			sourceTree = "<group>";
		};
		A260F04E1AD866BA00C18EB6 /* Today */ = {
			isa = PBXGroup;
			children = (
				A260F0511AD866BA00C18EB6 /* AppDelegate.swift */,
				A260F0711AD86A5600C18EB6 /* Weather.swift */,
				A260F0731AD86C9600C18EB6 /* Blurb.swift */,
				A260F0531AD866BA00C18EB6 /* MainViewController.swift */,
				A260F0761AD875EB00C18EB6 /* BlurbTableCell.swift */,
				A260F0781AD8769400C18EB6 /* BlurbsManager.swift */,
				A260F0581AD866BA00C18EB6 /* Images.xcassets */,
				A260F05A1AD866BA00C18EB6 /* LaunchScreen.xib */,
				A260F04F1AD866BA00C18EB6 /* Supporting Files */,
			);
			path = Today;
			sourceTree = "<group>";
		};
		A260F04F1AD866BA00C18EB6 /* Supporting Files */ = {
			isa = PBXGroup;
			children = (
				A260F0501AD866BA00C18EB6 /* Info.plist */,
			);
			name = "Supporting Files";
			sourceTree = "<group>";
		};
		A260F0641AD866BA00C18EB6 /* TodayTests */ = {
			isa = PBXGroup;
			children = (
				A260F0671AD866BA00C18EB6 /* TodayTests.swift */,
				A260F0651AD866BA00C18EB6 /* Supporting Files */,
			);
			path = TodayTests;
			sourceTree = "<group>";
		};
		A260F0651AD866BA00C18EB6 /* Supporting Files */ = {
			isa = PBXGroup;
			children = (
				A260F0661AD866BA00C18EB6 /* Info.plist */,
			);
			name = "Supporting Files";
			sourceTree = "<group>";
		};
		A260F07B1AD877E900C18EB6 /* Products */ = {
			isa = PBXGroup;
			children = (
				A260F0821AD877E900C18EB6 /* Snap.framework */,
				A260F0841AD877E900C18EB6 /* Snap.framework */,
				A260F0861AD877E900C18EB6 /* Snap iOS Tests.xctest */,
				A260F0881AD877E900C18EB6 /* Snap OSX Tests.xctest */,
			);
			name = Products;
			sourceTree = "<group>";
		};
/* End PBXGroup section */

/* Begin PBXNativeTarget section */
		A260F04B1AD866BA00C18EB6 /* Today */ = {
			isa = PBXNativeTarget;
			buildConfigurationList = A260F06B1AD866BA00C18EB6 /* Build configuration list for PBXNativeTarget "Today" */;
			buildPhases = (
				A260F0481AD866BA00C18EB6 /* Sources */,
				A260F0491AD866BA00C18EB6 /* Frameworks */,
				A260F04A1AD866BA00C18EB6 /* Resources */,
				A260F08C1AD879B600C18EB6 /* Copy Frameworks */,
			);
			buildRules = (
			);
			dependencies = (
				A260F08B1AD8798900C18EB6 /* PBXTargetDependency */,
			);
			name = Today;
			productName = Today;
			productReference = A260F04C1AD866BA00C18EB6 /* Today.app */;
			productType = "com.apple.product-type.application";
		};
		A260F0601AD866BA00C18EB6 /* TodayTests */ = {
			isa = PBXNativeTarget;
			buildConfigurationList = A260F06E1AD866BA00C18EB6 /* Build configuration list for PBXNativeTarget "TodayTests" */;
			buildPhases = (
				A260F05D1AD866BA00C18EB6 /* Sources */,
				A260F05E1AD866BA00C18EB6 /* Frameworks */,
				A260F05F1AD866BA00C18EB6 /* Resources */,
			);
			buildRules = (
			);
			dependencies = (
				A260F0631AD866BA00C18EB6 /* PBXTargetDependency */,
			);
			name = TodayTests;
			productName = TodayTests;
			productReference = A260F0611AD866BA00C18EB6 /* TodayTests.xctest */;
			productType = "com.apple.product-type.bundle.unit-test";
		};
/* End PBXNativeTarget section */

/* Begin PBXProject section */
		A260F0441AD866BA00C18EB6 /* Project object */ = {
			isa = PBXProject;
			attributes = {
				LastUpgradeCheck = 0630;
				ORGANIZATIONNAME = ilteris;
				TargetAttributes = {
					A260F04B1AD866BA00C18EB6 = {
						CreatedOnToolsVersion = 6.3;
					};
					A260F0601AD866BA00C18EB6 = {
						CreatedOnToolsVersion = 6.3;
						TestTargetID = A260F04B1AD866BA00C18EB6;
					};
				};
			};
			buildConfigurationList = A260F0471AD866BA00C18EB6 /* Build configuration list for PBXProject "Today" */;
			compatibilityVersion = "Xcode 3.2";
			developmentRegion = English;
			hasScannedForEncodings = 0;
			knownRegions = (
				en,
				Base,
			);
			mainGroup = A260F0431AD866BA00C18EB6;
			productRefGroup = A260F04D1AD866BA00C18EB6 /* Products */;
			projectDirPath = "";
			projectReferences = (
				{
					ProductGroup = A260F07B1AD877E900C18EB6 /* Products */;
					ProjectRef = A260F07A1AD877E900C18EB6 /* Snap.xcodeproj */;
				},
			);
			projectRoot = "";
			targets = (
				A260F04B1AD866BA00C18EB6 /* Today */,
				A260F0601AD866BA00C18EB6 /* TodayTests */,
			);
		};
/* End PBXProject section */

/* Begin PBXReferenceProxy section */
		A260F0821AD877E900C18EB6 /* Snap.framework */ = {
			isa = PBXReferenceProxy;
			fileType = wrapper.framework;
			path = Snap.framework;
			remoteRef = A260F0811AD877E900C18EB6 /* PBXContainerItemProxy */;
			sourceTree = BUILT_PRODUCTS_DIR;
		};
		A260F0841AD877E900C18EB6 /* Snap.framework */ = {
			isa = PBXReferenceProxy;
			fileType = wrapper.framework;
			path = Snap.framework;
			remoteRef = A260F0831AD877E900C18EB6 /* PBXContainerItemProxy */;
			sourceTree = BUILT_PRODUCTS_DIR;
		};
		A260F0861AD877E900C18EB6 /* Snap iOS Tests.xctest */ = {
			isa = PBXReferenceProxy;
			fileType = wrapper.cfbundle;
			path = "Snap iOS Tests.xctest";
			remoteRef = A260F0851AD877E900C18EB6 /* PBXContainerItemProxy */;
			sourceTree = BUILT_PRODUCTS_DIR;
		};
		A260F0881AD877E900C18EB6 /* Snap OSX Tests.xctest */ = {
			isa = PBXReferenceProxy;
			fileType = wrapper.cfbundle;
			path = "Snap OSX Tests.xctest";
			remoteRef = A260F0871AD877E900C18EB6 /* PBXContainerItemProxy */;
			sourceTree = BUILT_PRODUCTS_DIR;
		};
/* End PBXReferenceProxy section */

/* Begin PBXResourcesBuildPhase section */
		A260F04A1AD866BA00C18EB6 /* Resources */ = {
			isa = PBXResourcesBuildPhase;
			buildActionMask = 2147483647;
			files = (
				A260F05C1AD866BA00C18EB6 /* LaunchScreen.xib in Resources */,
				A260F0591AD866BA00C18EB6 /* Images.xcassets in Resources */,
			);
			runOnlyForDeploymentPostprocessing = 0;
		};
		A260F05F1AD866BA00C18EB6 /* Resources */ = {
			isa = PBXResourcesBuildPhase;
			buildActionMask = 2147483647;
			files = (
			);
			runOnlyForDeploymentPostprocessing = 0;
		};
/* End PBXResourcesBuildPhase section */

/* Begin PBXSourcesBuildPhase section */
		A260F0481AD866BA00C18EB6 /* Sources */ = {
			isa = PBXSourcesBuildPhase;
			buildActionMask = 2147483647;
			files = (
				A260F0541AD866BA00C18EB6 /* MainViewController.swift in Sources */,
				A260F0791AD8769400C18EB6 /* BlurbsManager.swift in Sources */,
				A260F0741AD86C9600C18EB6 /* Blurb.swift in Sources */,
				A260F0721AD86A5600C18EB6 /* Weather.swift in Sources */,
				A260F0521AD866BA00C18EB6 /* AppDelegate.swift in Sources */,
				A260F0771AD875EB00C18EB6 /* BlurbTableCell.swift in Sources */,
			);
			runOnlyForDeploymentPostprocessing = 0;
		};
		A260F05D1AD866BA00C18EB6 /* Sources */ = {
			isa = PBXSourcesBuildPhase;
			buildActionMask = 2147483647;
			files = (
				A260F0681AD866BA00C18EB6 /* TodayTests.swift in Sources */,
			);
			runOnlyForDeploymentPostprocessing = 0;
		};
/* End PBXSourcesBuildPhase section */

/* Begin PBXTargetDependency section */
		A260F0631AD866BA00C18EB6 /* PBXTargetDependency */ = {
			isa = PBXTargetDependency;
			target = A260F04B1AD866BA00C18EB6 /* Today */;
			targetProxy = A260F0621AD866BA00C18EB6 /* PBXContainerItemProxy */;
		};
		A260F08B1AD8798900C18EB6 /* PBXTargetDependency */ = {
			isa = PBXTargetDependency;
			name = "Snap iOS";
			targetProxy = A260F08A1AD8798900C18EB6 /* PBXContainerItemProxy */;
		};
/* End PBXTargetDependency section */

/* Begin PBXVariantGroup section */
		A260F05A1AD866BA00C18EB6 /* LaunchScreen.xib */ = {
			isa = PBXVariantGroup;
			children = (
				A260F05B1AD866BA00C18EB6 /* Base */,
			);
			name = LaunchScreen.xib;
			sourceTree = "<group>";
		};
/* End PBXVariantGroup section */

/* Begin XCBuildConfiguration section */
		A260F0691AD866BA00C18EB6 /* Debug */ = {
			isa = XCBuildConfiguration;
			buildSettings = {
				ALWAYS_SEARCH_USER_PATHS = NO;
				CLANG_CXX_LANGUAGE_STANDARD = "gnu++0x";
				CLANG_CXX_LIBRARY = "libc++";
				CLANG_ENABLE_MODULES = YES;
				CLANG_ENABLE_OBJC_ARC = YES;
				CLANG_WARN_BOOL_CONVERSION = YES;
				CLANG_WARN_CONSTANT_CONVERSION = YES;
				CLANG_WARN_DIRECT_OBJC_ISA_USAGE = YES_ERROR;
				CLANG_WARN_EMPTY_BODY = YES;
				CLANG_WARN_ENUM_CONVERSION = YES;
				CLANG_WARN_INT_CONVERSION = YES;
				CLANG_WARN_OBJC_ROOT_CLASS = YES_ERROR;
				CLANG_WARN_UNREACHABLE_CODE = YES;
				CLANG_WARN__DUPLICATE_METHOD_MATCH = YES;
				"CODE_SIGN_IDENTITY[sdk=iphoneos*]" = "iPhone Developer";
				COPY_PHASE_STRIP = NO;
				DEBUG_INFORMATION_FORMAT = "dwarf-with-dsym";
				ENABLE_STRICT_OBJC_MSGSEND = YES;
				GCC_C_LANGUAGE_STANDARD = gnu99;
				GCC_DYNAMIC_NO_PIC = NO;
				GCC_NO_COMMON_BLOCKS = YES;
				GCC_OPTIMIZATION_LEVEL = 0;
				GCC_PREPROCESSOR_DEFINITIONS = (
					"DEBUG=1",
					"$(inherited)",
				);
				GCC_SYMBOLS_PRIVATE_EXTERN = NO;
				GCC_WARN_64_TO_32_BIT_CONVERSION = YES;
				GCC_WARN_ABOUT_RETURN_TYPE = YES_ERROR;
				GCC_WARN_UNDECLARED_SELECTOR = YES;
				GCC_WARN_UNINITIALIZED_AUTOS = YES_AGGRESSIVE;
				GCC_WARN_UNUSED_FUNCTION = YES;
				GCC_WARN_UNUSED_VARIABLE = YES;
				IPHONEOS_DEPLOYMENT_TARGET = 8.3;
				MTL_ENABLE_DEBUG_INFO = YES;
				ONLY_ACTIVE_ARCH = YES;
				SDKROOT = iphoneos;
				SWIFT_OPTIMIZATION_LEVEL = "-Onone";
			};
			name = Debug;
		};
		A260F06A1AD866BA00C18EB6 /* Release */ = {
			isa = XCBuildConfiguration;
			buildSettings = {
				ALWAYS_SEARCH_USER_PATHS = NO;
				CLANG_CXX_LANGUAGE_STANDARD = "gnu++0x";
				CLANG_CXX_LIBRARY = "libc++";
				CLANG_ENABLE_MODULES = YES;
				CLANG_ENABLE_OBJC_ARC = YES;
				CLANG_WARN_BOOL_CONVERSION = YES;
				CLANG_WARN_CONSTANT_CONVERSION = YES;
				CLANG_WARN_DIRECT_OBJC_ISA_USAGE = YES_ERROR;
				CLANG_WARN_EMPTY_BODY = YES;
				CLANG_WARN_ENUM_CONVERSION = YES;
				CLANG_WARN_INT_CONVERSION = YES;
				CLANG_WARN_OBJC_ROOT_CLASS = YES_ERROR;
				CLANG_WARN_UNREACHABLE_CODE = YES;
				CLANG_WARN__DUPLICATE_METHOD_MATCH = YES;
				"CODE_SIGN_IDENTITY[sdk=iphoneos*]" = "iPhone Developer";
				COPY_PHASE_STRIP = NO;
				DEBUG_INFORMATION_FORMAT = "dwarf-with-dsym";
				ENABLE_NS_ASSERTIONS = NO;
				ENABLE_STRICT_OBJC_MSGSEND = YES;
				GCC_C_LANGUAGE_STANDARD = gnu99;
				GCC_NO_COMMON_BLOCKS = YES;
				GCC_WARN_64_TO_32_BIT_CONVERSION = YES;
				GCC_WARN_ABOUT_RETURN_TYPE = YES_ERROR;
				GCC_WARN_UNDECLARED_SELECTOR = YES;
				GCC_WARN_UNINITIALIZED_AUTOS = YES_AGGRESSIVE;
				GCC_WARN_UNUSED_FUNCTION = YES;
				GCC_WARN_UNUSED_VARIABLE = YES;
				IPHONEOS_DEPLOYMENT_TARGET = 8.3;
				MTL_ENABLE_DEBUG_INFO = NO;
				SDKROOT = iphoneos;
				VALIDATE_PRODUCT = YES;
			};
			name = Release;
		};
		A260F06C1AD866BA00C18EB6 /* Debug */ = {
			isa = XCBuildConfiguration;
			buildSettings = {
				ASSETCATALOG_COMPILER_APPICON_NAME = AppIcon;
				INFOPLIST_FILE = Today/Info.plist;
				LD_RUNPATH_SEARCH_PATHS = "$(inherited) @executable_path/Frameworks";
				PRODUCT_NAME = "$(TARGET_NAME)";
			};
			name = Debug;
		};
		A260F06D1AD866BA00C18EB6 /* Release */ = {
			isa = XCBuildConfiguration;
			buildSettings = {
				ASSETCATALOG_COMPILER_APPICON_NAME = AppIcon;
				INFOPLIST_FILE = Today/Info.plist;
				LD_RUNPATH_SEARCH_PATHS = "$(inherited) @executable_path/Frameworks";
				PRODUCT_NAME = "$(TARGET_NAME)";
			};
			name = Release;
		};
		A260F06F1AD866BA00C18EB6 /* Debug */ = {
			isa = XCBuildConfiguration;
			buildSettings = {
				BUNDLE_LOADER = "$(TEST_HOST)";
				FRAMEWORK_SEARCH_PATHS = (
					"$(SDKROOT)/Developer/Library/Frameworks",
					"$(inherited)",
				);
				GCC_PREPROCESSOR_DEFINITIONS = (
					"DEBUG=1",
					"$(inherited)",
				);
				INFOPLIST_FILE = TodayTests/Info.plist;
				LD_RUNPATH_SEARCH_PATHS = "$(inherited) @executable_path/Frameworks @loader_path/Frameworks";
				PRODUCT_NAME = "$(TARGET_NAME)";
				TEST_HOST = "$(BUILT_PRODUCTS_DIR)/Today.app/Today";
			};
			name = Debug;
		};
		A260F0701AD866BA00C18EB6 /* Release */ = {
			isa = XCBuildConfiguration;
			buildSettings = {
				BUNDLE_LOADER = "$(TEST_HOST)";
				FRAMEWORK_SEARCH_PATHS = (
					"$(SDKROOT)/Developer/Library/Frameworks",
					"$(inherited)",
				);
				INFOPLIST_FILE = TodayTests/Info.plist;
				LD_RUNPATH_SEARCH_PATHS = "$(inherited) @executable_path/Frameworks @loader_path/Frameworks";
				PRODUCT_NAME = "$(TARGET_NAME)";
				TEST_HOST = "$(BUILT_PRODUCTS_DIR)/Today.app/Today";
			};
			name = Release;
		};
/* End XCBuildConfiguration section */

/* Begin XCConfigurationList section */
		A260F0471AD866BA00C18EB6 /* Build configuration list for PBXProject "Today" */ = {
			isa = XCConfigurationList;
			buildConfigurations = (
				A260F0691AD866BA00C18EB6 /* Debug */,
				A260F06A1AD866BA00C18EB6 /* Release */,
			);
			defaultConfigurationIsVisible = 0;
			defaultConfigurationName = Release;
		};
		A260F06B1AD866BA00C18EB6 /* Build configuration list for PBXNativeTarget "Today" */ = {
			isa = XCConfigurationList;
			buildConfigurations = (
				A260F06C1AD866BA00C18EB6 /* Debug */,
				A260F06D1AD866BA00C18EB6 /* Release */,
			);
			defaultConfigurationIsVisible = 0;
		};
		A260F06E1AD866BA00C18EB6 /* Build configuration list for PBXNativeTarget "TodayTests" */ = {
			isa = XCConfigurationList;
			buildConfigurations = (
				A260F06F1AD866BA00C18EB6 /* Debug */,
				A260F0701AD866BA00C18EB6 /* Release */,
			);
			defaultConfigurationIsVisible = 0;
		};
/* End XCConfigurationList section */
	};
	rootObject = A260F0441AD866BA00C18EB6 /* Project object */;
}
